{
  "requires": true,
  "lockfileVersion": 1,
  "dependencies": {
    "@angular/cdk": {
      "version": "9.2.1",
      "resolved": "https://registry.npmjs.org/@angular/cdk/-/cdk-9.2.1.tgz",
      "integrity": "sha512-aSG1UNPszkSnpNuDCNd7ZgT29oQ8vqHPmoqjvJI0JkEv3i6uEs5tRuhWl3TK39wDNuwdlq0AY47XTa/0Ppb5RQ==",
      "requires": {
        "parse5": "^5.0.0"
      }
    },
    "@angular/material": {
      "version": "9.2.1",
      "resolved": "https://registry.npmjs.org/@angular/material/-/material-9.2.1.tgz",
      "integrity": "sha512-nqn/0Eg04DxwnkRGSM1xnmGgtfHYOBcEPbFeTu8c1qAbjFEozd6tpw4y6dQrCCL/JLNIRQPsxsUsVnKeWDF/4Q=="
    },
    "parse5": {
      "version": "5.1.1",
      "resolved": "https://registry.npmjs.org/parse5/-/parse5-5.1.1.tgz",
      "integrity": "sha512-ugq4DFI0Ptb+WWjAdOK16+u/nHfiIrcE+sh8kZMaM0WllQKLI9rOUq6c2b7cwPkXdzfQESqvoqK6ug7U/Yyzug==",
      "optional": true
    }
  }
}
