{
  "requires": true,
  "lockfileVersion": 1,
  "dependencies": {
    "@angular/flex-layout": {
      "version": "9.0.0-beta.29",
      "resolved": "https://registry.npmjs.org/@angular/flex-layout/-/flex-layout-9.0.0-beta.29.tgz",
      "integrity": "sha512-93sxR+kYfYMOdnlWL0Q77FZ428gg8XnBu0YZm6GsCdkw/vLggIT/G1ZAqHlCPIODt6pxmCJ5KXh4ShvniIYDsA=="
    }
  }
}
